banner_hero: |2-
               [#001006]▄[/][#ff9200]▄[/][#001006 on #ff9200]▀[/][#5d0e03 on #dc5000]▌[/][#ff9200 on #dc1f00]▀[/][#ff9200 on #ff3100]▀▀[/][#ba0d00 on #ff3100]▀▀▀[/][#dc1f00 on #ff3100]▀[/][#ff3100]███[/][#ff3100 on #001006]▌[/][#001006 on #ffc0a0]▌[/][#ffc0a0]████[/][#ffbea2]█[/][#001006]█[/][#940200]█[/][#ca5000 on #940200]▀[/][#001006 on #ffc0a0]▌[/][#ffc0a0]█[/][#ffbca3]█[/][#001006 on #ffc0a0]▀[/][#001006 on #5d0e03]▀[/][#001006 on #dc5600]▀[/][#001006 on #ba0d00]▀[/][#001006 on #ff9f00]▀[/][#805803]▄[/][#5d0e03]▄[/][#ba0d00]▄[/][#001006 on #ba0d00]▀[/][#dc5600 on #001006]▀[/]
            [#805103]▄[/][#001006 on #ff9200]▀[/][#ff9200 on #001006]▀[/][#ff6200 on #dc1f00]▌[/][#ba0d00 on #ff3100]▀[/][#ff3100]███████████[/][#ff3100 on #802003]▀[/][#806853 on #ffc0a0]▀[/][#ffc0a0]█████[/][#806853 on #5d0e03]▀[/][#ba0d00 on #ff3100]▀[/][#ff3100 on #940200]▌[/][#940200 on #4a0903]▀[/][#806853 on #ffc0a0]▀[/][#ffc0a0]███[/][#806456 on #ffbca3]▀[/][#dc1f00 on #5d0e03]▀[/][#ff3100]███[/][#001006 on #4a0903]▀[/][#001006 on #940200]▀[/][#ba0d00]██[/]
          [#001006]▟█[/][#001006 on #4a0903]▀[/][#ff3100 on #940200]▀[/][#ff3100 on #001006]▀[/][#ff3100]█[/][#001006 on #ff3100]▀[/][#ff3100]█[/][#ff3100 on #802003]▀[/][#ff3100]████████[/][#ff3100 on #802003]▀[/][#806853 on #ffc0a0]▀[/][#ffc0a0]█████[/][#ffc0a0 on #806456]▌[/][#5d0e03 on #ff3100]▌[/][#ff3100]██[/][#4a0903 on #806853]▀[/][#ffc0a0]████[/][#ffbea2]█[/][#001006 on #ba0d00]▌[/][#ff3100]███[/][#001006 on #940200]▌[/][#940200]█[/][#b00a00]█[/][#ba0d00]█[/]
         [#001006]▐[/][#001006 on #4a0903]▀[/][#940200]█████[/][#802003 on #4a0903]▀[/][#ff3100]█[/][#ff3100 on #001006]▌[/][#ff3100]███████[/][#ff3100 on #802003]▀[/][#806853 on #ffc0a0]▀[/][#ffc0a0]█████[/][#ffbea2]█[/][#001006 on #ba0d00]▌[/][#ff3100]██[/][#ff3100 on #001006]▌[/][#ffbea2]█[/][#ffc0a0]█████[/][#001006 on #ba0d00]▌[/][#ff3100]███[/][#001006 on #940200]▌[/][#940200]██[/][#ba0d00]█[/]
        [#805103]▄[/][#5d0e03 on #ff6200]▀[/][#ff6800 on #ff3100]▀[/][#ff3100]███[/][#940200 on #ff3100]▀[/][#940200]██[/][#940200 on #001006]▀[/][#001006 on #ff3100]▌[/][#ff3100]██████[/][#ff3100 on #802003]▀[/][#806853 on #ffc0a0]▀[/][#ffc0a0]█████[/][#ffbea2]█[/][#806456 on #5d0e03]▀[/][#dc1f00 on #ff3100]▀[/][#ff3100]██[/][#001006 on #ffbca3]▌[/][#ffc0a0]█████[/][#ffbca3]█[/][#001006 on #ba0d00]▌[/][#ff3100]██[/][#ff3100 on #802003]▀[/][#4a0903 on #940200]▀[/][#940200]██[/][#9e0500]█[/]
       [#553b04]▟[/][#dc5000 on #dc1f00]▀[/][#dc1f00 on #ff3100]▀[/][#ff3100]█████[/][#ff3100 on #802003]▀[/][#4a0903 on #ff3100]▀[/][#940200]█[/][#001006 on #ff3100]▌[/][#ff3100]█████[/][#ff3100 on #802003]▀[/][#806853 on #ffc0a0]▀[/][#ffc0a0]██████[/][#806456 on #5d0e03]▀[/][#dc1f00 on #ff3100]▀[/][#ff3100]██[/][#001006]█[/][#ffbea2]█[/][#ffc0a0]█████[/][#806853 on #5d0e03]▀[/][#dc1f00 on #ff3100]▀[/][#ff3100]██[/][#ff3100 on #001006]▌[/][#940200]██[/][#4a0903 on #940200]▀[/][#001006 on #940200]▀[/]
      [#553b04]▟[/][#ff9200 on #ba0d00]▌[/][#dc1f00 on #ff3100]▀[/][#ff3100]█████[/][#dc1f00 on #001006]▌[/][#ff3100]█[/][#ca1a00 on #4a0903]▀[/][#001006 on #ff3100]▀[/][#ff3100]█████[/][#ff3100 on #001006]▌[/][#001006 on #ffc0a0]▌[/][#ffc0a0]██████[/][#ffbca3]█[/][#001006 on #ff3100]▌[/][#ff3100]████[/][#001006 on #ffc0a0]▌[/][#ffc0a0]████[/][#ffb8a6 on #001006]▀[/][#5d0e03 on #ff3100]▌[/][#ff3100]██[/][#ff3100 on #ba0d00]▌[/][#ff3100]█[/][#001006 on #940200]▌[/][#940200]███[/]
    [#001006]▗[/][#553b04]▟[/][#ff9200 on #ff6200]▀[/][#ff3100]████[/][#ff3100 on #001006]▀[/][#ff3100 on #802003]▀[/][#5d0e03 on #ff3100]▀[/][#ff3100 on #802003]▀[/][#802003 on #ff3100]▀[/][#ff3100]█[/][#ff3100 on #ff9f00]▀[/][#ff3100]████[/][#ff3100 on #802003]▀[/][#806853 on #ffc0a0]▀[/][#ffc0a0]██████[/][#ffbea2]█[/][#ffbca3 on #802003]▀[/][#802003 on #ff3100]▀[/][#ff3100]████[/][#dc1f00 on #001006]▌[/][#ffc0a0]███[/][#ffc0a0 on #806456]▌[/][#001006 on #ff3100]▀[/][#ff3100]███[/][#ff3100 on #ba0d00]▌[/][#dc1f00]█[/][#001006 on #940200]▌[/][#940200]███[/]
   [#001006]▗[/][#805103 on #ff9200]▀[/][#ff9200 on #ff6200]▀[/][#ff3100]█[/][#ff3100 on #5d0e03]▀[/][#5d0e03 on #ff3100]▀[/][#802003 on #ff3100]▀[/][#ff3100]████[/][#dc1f00 on #001006]▌[/][#ff3100 on #dc1f00]▀[/][#ff6800]█[/][#ff3100]███[/][#ff3100 on #802003]▀[/][#802003 on #ffc0a0]▀[/][#ffc0a0]██████[/][#ffc0a0 on #806456]▀[/][#ff7453 on #802003]▌[/][#802003 on #ff3100]▀[/][#ff3100]████[/][#ff3100 on #dc1f00]▀[/][#ba0d00 on #001006]▀[/][#806853 on #ffc0a0]▀[/][#ffc0a0]██[/][#ffc0a0 on #806853]▀[/][#5d0e03 on #dc1f00]▀[/][#ff3100]████[/][#dc1f00 on #ff3100]▀[/][#dc1f00 on #001006]▌[/][#940200]████[/]
   [#553b04]▟[/][#ff9200 on #ff3100]▌[/][#802003 on #ff3100]▀▀[/][#ff3100]██[/][#ff3100 on #dc1f00]▀[/][#ff3100 on #5d0e03]▀[/][#ff3100 on #001006]▀[/][#ba0d00 on #940200]▀[/][#001006 on #940200]▀[/][#940200]█[/][#001006 on #ff3100]▌[/][#ff3100]█[/][#ff3100 on #001006]▀▀[/][#802003 on #001006]▀[/][#ffc0a0]██[/][#ffc0a0 on #001006]▀[/][#ffc0a0 on #ba0d00]▀[/][#ffc0a0 on #dc1f00]▀[/][#ffc0a0 on #ff3100]▀▀[/][#ff7453 on #802003]▌[/][#ff3100]███████[/][#5d0e03 on #806853]▀[/][#ffc0a0]██[/][#ffbea2]█[/][#ffbca3 on #5d0e03]▀[/][#5d0e03 on #dc1f00]▀[/][#ff3100]█████[/][#ff3100 on #802003]▀[/][#4a0903 on #940200]▀[/][#940200]█[/][#940200 on #4a0903]▀[/][#940200 on #001006]▀▀[/]
  [#001006]▗[/][#805103 on #ff9200]▀[/][#ff6200 on #ff3100]▀[/][#ff3100]██[/][#ff3100 on #5d0e03]▀[/][#dc1f00 on #4a0903]▀[/][#a70800 on #4a0903]▌[/][#4a0903 on #940200]▀[/][#940200]████[/][#802003 on #001006]▀[/][#802003 on #ffc0a0]▀[/][#ffc0a0 on #001006]▀[/][#806853 on #ffbca3]▀[/][#ffbca3 on #001006]▌[/][#ffc0a0 on #802003]▀[/][#001006 on #ff3100]▀[/][#ba0d00 on #ff3100]▀[/][#ff3100]███[/][#ff3100 on #802003]▀[/][#ff3100 on #001006]▀[/][#ff3100 on #ffb8a6]▀[/][#ff3100 on #ffc0a0]▀[/][#802003 on #ffc0a0]▀[/][#001006 on #ffc0a0]▀▀▀▀[/][#ffbea2]█[/][#ffc0a0]█[/][#ffc0a0 on #806456]▀[/][#dc6253 on #5d0e03]▌[/][#ba0d00 on #ff3100]▀[/][#ff3100]██[/][#ff3100 on #ff9f00]▀[/][#ff3100 on #ff6800]▀[/][#ff6800 on #ff3100]▀[/][#ff3100 on #dc1f00]▀[/][#5d0e03 on #001006]▀[/][#940200 on #001006]▀▀▀▀[/][#940200 on #ff9f00]▀[/]
  [#001006]▐[/][#ff9200 on #001006]▀[/][#dc1f00 on #940200]▀[/][#a70800 on #4a0903]▌[/][#410816 on #8b0113]▌[/][#940200 on #ba0d00]▀[/][#820026 on #9e0613]▀[/][#90020a]█[/][#940200]████[/][#4a0903 on #806603]▀[/][#5ea100]▜[/][#075b03 on #86af53]▌[/][#ffc0a0 on #001006]▀[/][#ffbca3 on #5d0e03]▀[/][#5d0e03 on #ff3100]▀[/][#ff3100 on #802003]▀▀▀[/][#802003 on #ff7453]▌[/][#802003 on #ffbca3]▀[/][#806456 on #ffc0a0]▀[/][#ffc0a0]██[/][#ffbea2]█[/][#806456 on #805803]▀[/][#805803]█[/][#ff9f00 on #ff3100]▀▀▀▀[/][#5d0e03 on #dc6253]▌[/][#001006 on #ba0d00]▀[/][#ba0d00 on #001006]▀[/][#ff3100 on #001006]▀▀▀[/][#ff3100 on #5d0e03]▀[/][#ff3100 on #ba0d00]▀▀[/][#dc1f00 on #ba0d00]▀[/][#5d0e03 on #ba0d00]▀[/][#ba0d00]█[/][#ba0d00 on #dc1f00]▀[/][#dc1f00 on #ff3100]▀[/][#ff3100]██[/][#5d0e03 on #ff3100]▀[/]
   [#001006]▝[/][#4a0903]▀[/][#940200]▀[/][#940200 on #001006]▀[/][#940200]█[/][#9e0500]█[/][#820026 on #ba0d00]▀[/][#820026 on #a70800]▀[/][#940200]█[/][#940200 on #001006]▀[/][#4a0903 on #001006]▀[/][#5d0e03 on #dc6400]▌[/][#ffbc00 on #ba0d00]▀[/][#805403 on #dc1f00]▀[/][#ba0d00 on #ff3100]▀[/][#ff3100 on #075b03]▀[/][#802003 on #075b03]▀[/][#802003 on #dc1f00]▀[/][#ff3100 on #ba0d00]▀[/][#5d0e03 on #806456]▀[/][#001006 on #ffc0a0]▀▀▀▀[/][#ffbea2]█[/][#806456 on #805803]▀[/][#805803 on #802003]▀[/][#802003 on #ff3100]▀[/][#ff3100]██[/][#ff3100 on #dc1f00]▀[/][#ba0d00 on #5d0e03]▀[/][#5d0e03 on #001006]▀[/][#001006]█████[/][#ba0d00]██[/][#ba0d00 on #dc1f00]▀[/][#ba0d00 on #ff3100]▀▀[/][#dc1f00 on #ff3100]▀[/][#ff3100]█████[/]
        [#001006]▀[/][#940200 on #001006]▀[/][#001006]█[/][#001006 on #ba0d00]▀[/][#ba0d00 on #dc1f00]▀[/][#dc1f00 on #ff3100]▀[/][#ff3100]██[/][#ff3100 on #dc1f00]▀[/][#001006]█[/][#ffbc00]▌[/][#af9c00]▜[/][#0ea600 on #001006]▌[/][#806456 on #ffbca3]▀[/][#ffc0a0]████[/][#ffbca3 on #806456]▀[/][#805803 on #ff6800]▀[/][#802003 on #ff3100]▀[/][#ff3100]███[/][#ff3100 on #dc1f00]▀[/][#ba0d00 on #5d0e03]▀[/][#001006]███████[/][#5d0e03 on #001006]▀[/][#ff3100]██[/][#ff9f00 on #ff3100]▀[/][#ff9f00]█[/][#ff3100 on #ff6800]▀[/][#ff3100]█████[/]
         [#001006]▝[/][#5d0e03 on #ff3100]▌[/][#ff3100]███[/][#ff3100 on #5d0e03]▀[/][#dc1f00 on #001006]▀[/][#001006 on #ffb8a6]▀▀[/][#001006 on #ffc0a0]▀▀[/][#ffbea2]█[/][#ffc0a0]█████[/][#001006 on #ff3100]▌[/][#ff3100]███[/][#ff3100 on #dc1f00]▀[/][#dc1f00 on #ba0d00]▀[/][#ba0d00 on #5d0e03]▀[/][#5d0e03 on #001006]▀[/][#001006]█████████[/][#802003 on #001006]▀[/][#ff3100 on #001006]▀[/][#ff3100 on #802003]▀[/][#ff6800 on #ff3100]▀[/][#ff3100]█████[/]
          [#802003]▀[/][#ff3100]▀[/][#5d0e03 on #001006]▀[/][#001006]███[/][#001006 on #806456]▀[/][#001006]█[/][#ffbea2]█[/][#ffc0a0]█████[/][#ffbea2]█[/][#ffbca3 on #5d0e03]▀[/][#001006 on #ff3100]▌[/][#ff3100]█[/][#ff3100 on #5d0e03]▀[/][#5d0e03 on #dc5600]▌[/][#5d0e03 on #ff9f00]▀[/][#001006]████████████████[/][#ff3100]█[/][#ff3100 on #ba0d00]▀[/][#ff3100 on #dc1f00]▀[/][#ff3100]██[/]
            [#001006 on #ffbca3]▌[/][#ffbca3]█[/][#ffbca3 on #806456]▌[/][#806456 on #ffc0a0]▀[/][#806853 on #ffc0a0]▀[/][#ffc0a0]██[/][#ffbea2]█[/][#ffbca3 on #802003]▀[/][#802003 on #ff3100]▀[/][#ff3100]██[/][#ff3100 on #802003]▀[/][#802003 on #5d0e03]▀[/][#5d0e03 on #ff9f00]▀[/][#805803 on #ff9f00]▀[/][#ff9f00 on #ffc0a0]▀[/][#ffb050 on #ff9f00]▀[/][#ff9f00 on #dc5600]▀[/][#001006]████████████████[/][#ff3100 on #ba0d00]▌[/][#ba0d00 on #dc1f00]▀[/][#ba0d00 on #ff3100]▀[/][#ff3100 on #dc1f00]▀[/][#dc1f00 on #ba0d00]▀[/]
            [#554b39]▜[/][#ffbea2]█[/][#ffc0a0 on #806456]▌[/][#ffc0a0 on #806853]▀[/][#ffc0a0]███[/][#ffc0a0 on #001006]▌[/][#ff3100]████[/][#ff3100 on #001006]▌[/][#805803 on #ff9f00]▀[/][#ff9f00]█[/][#ffb050 on #ff9f00]▀[/][#ff9f00 on #5d0e03]▀[/][#5d0e03 on #001006]▀[/][#001006]████████████████[/][#001006 on #802003]▀[/][#dc1f00 on #ff3100]▀[/][#ff3100 on #dc1f00]▀[/][#ff3100 on #ba0d00]▀[/][#ba0d00 on #5d0e03]▀[/][#ba0d00 on #001006]▀[/]
             [#001006]▝[/][#ffbca3 on #001006]▀[/][#ffbca3]█[/][#806654]█[/][#ffc0a0]██[/][#ffc0a0 on #001006]▌[/][#ff3100]██[/][#ff3100 on #5d0e03]▀[/][#5d0e03 on #ff9f00]▀[/][#805803 on #ff9f00]▀[/][#ff9f00]█[/][#ff9f00 on #5d0e03]▀[/][#5d0e03 on #001006]▀[/][#001006]█████████████████[/][#001006 on #5d0e03]▀[/][#ff3100 on #dc1f00]▀[/][#dc1f00 on #ba0d00]▀[/][#ba0d00 on #5d0e03]▀[/][#5d0e03 on #001006]▀[/][#001006]██[/]
              [#001006 on #ff9200]▌[/][#802003 on #ff3100]▀[/][#ff7453 on #001006]▌[/][#ffc0a0]██[/][#ffc0a0 on #001006]▌[/][#ff3100]█[/][#802003 on #805803]▀[/][#ff9f00]██[/][#ff9f00 on #dc5600]▀[/][#3e0f04]▛[/][#001006]▀▘[/] [#001006]▝▀▀▀███████████[/][#001006 on #5d0e03]▀[/][#dc1f00 on #ba0d00]▀[/][#ba0d00]█[/][#5d0e03 on #001006]▀[/][#001006]██[/][#802003 on #ff3100]▀[/][#ff3100]█[/]
              [#001006 on #ff9200]▌[/][#ff3100]█[/][#ff3100 on #001006]▌[/][#ffbca3]█[/][#806456 on #5d0e03]▀[/][#ff3100]█[/][#001006 on #ff9f00]▌[/][#ff9f00]██[/][#ff9f00 on #5d0e03]▌[/][#3e0f04]▛[/]           [#001006]▀▜██████[/][#ba0d00]██[/][#5d0e03 on #001006]▀[/][#001006]█[/][#001006 on #802003]▀[/][#802003 on #ff3100]▀[/][#ff3100]██[/]
              [#001006 on #ff9200]▌[/][#ff3100]█[/][#ff3100 on #001006]▌[/][#ba0d00]█[/][#ff3100]█[/][#ff3100 on #001006]▌[/][#ff9f00]██[/][#ff9f00 on #dc5600]▀[/][#001006]▌[/]             [#001006]▐██████[/][#ba0d00]█[/][#5d0e03 on #001006]▀[/][#001006]█[/][#001006 on #802003]▀[/][#ff3100]████[/]
             [#001006]▗[/][#805103 on #ff6200]▀[/][#ff3100]█[/][#802003 on #5d0e03]▀[/][#ba0d00]█[/][#ff3100]█[/][#802003 on #805803]▀[/][#ff9f00 on #ffb050]▀[/][#ffb050 on #ff9f00]▀[/][#dc5600 on #001006]▌[/]               [#001006]▝▀▜███[/][#5d0e03 on #001006]▀[/][#001006]█[/][#001006 on #802003]▀[/][#ff3100]█████[/]
             [#001006 on #ff6200]▌[/][#ff3100]██[/][#001006 on #ba0d00]▌[/][#ff3100]██[/][#001006 on #ff9f00]▌[/][#ffb050 on #ff9f00]▀[/][#ff9f00]█[/][#001006]▌[/]                 [#001006]▐█████[/][#001006 on #ff3100]▌[/][#ff3100]█████[/]
           [#001006]▄[/][#3e0f04]▟[/][#ff3100 on #ba0d00]▀[/][#802003 on #ff6200]▌▌[/][#dc1f00 on #001006]▌[/][#ff3100 on #001006]▀[/][#dc1f00 on #805103]▌[/][#dc5000 on #ff9f00]▌[/][#ff9f00]██[/][#001006]▌[/]                 [#001006]▐[/][#ff9f00 on #001006]▌[/][#001006 on #ba0d00]▀[/][#001006 on #5d0e03]▀[/][#001006]█[/][#001006 on #802003]▀[/][#ff3100]██████[/]
          [#001006]▝[/][#ba0d00]▀[/][#5d0e03]▀[/][#ff9200 on #805103]▀[/][#5d0e03 on #ff9200]▀▀▀[/][#ff9200]██[/][#ff9c00]█[/][#ff9f00 on #5d0e03]▀[/][#5d0e03]▀[/]                   [#001006 on #ff9f00]▌[/][#001006]█[/][#ba0d00]█[/][#ba0d00 on #5d0e03]▀[/][#802003 on #ff3100]▀[/][#ff3100]██████[/]
              [#001006]▀[/][#805103]▀[/][#ff9200]▀[/][#ba0d00]▀[/][#001006]▀▘[/]                     [#554004]▜[/][#ff9f00]█[/][#5d0e03 on #001006]▀[/][#001006 on #ff3100]▌[/][#ff3100]█[/][#ff3100 on #ff6800]▀[/][#ff3100]█████[/]
