banner_hero: |2-
                       [#001006]▗[/][#004246]▄[/][#00d744]▄[/][#001006 on #00ffac]▀[/][#001006 on #00b99a]▀[/][#00ffac]▄[/][#00b99a]▄[/][#001006]▄▄[/]
                    [#001006]▗[/][#00a252]▟[/][#007425 on #00ffac]▀[/][#00eb78 on #001006]▀[/][#00ffac on #001006]▀[/][#00b99a on #003a7c]▀[/][#007387 on #9ad8ff]▀[/][#4da6c3 on #005484]▌[/][#005484 on #001006]▌[/][#001006 on #004cba]▀[/][#001006 on #0063f2]▀▀[/][#9ad8ff on #0063f2]▀▀[/][#4d9ef8 on #001006]▌[/][#001006]█[/][#335359]▙[/][#9ad8ff]▄[/][#001006]▄▖[/]
               [#001006]▗▄[/][#003a7c]▄[/][#0063f2]▄[/][#001006 on #9ad8ff]▀[/][#001006 on #0063f2]▀[/][#0063f2]█[/][#9ad8ff on #001006]▀[/][#4d9ef8 on #001006]▀[/][#0063f2 on #001006]▀[/][#0063f2 on #003a7c]▀[/][#0063f2]█[/][#003a7c on #0063f2]▀[/][#001006 on #0063f2]▀[/][#001006 on #4d86c0]▀[/][#002244 on #4d9ef8]▌[/][#4d9ef8 on #001006]▌[/][#001006 on #9ad8ff]▀[/][#9ad8ff]██[/][#9ad8ff on #001006]▀▀▀[/][#9ad8ff]██[/][#4d7482 on #9ad8ff]▀[/][#6795ac]▙[/][#4d7482]▄[/]
          [#001006]▗[/][#4d7482]▄[/][#6795ac]▟[/][#4d7482 on #9ad8ff]▀[/][#9ad8ff on #004bd8]▀[/][#004bd8 on #4d9ef8]▀[/][#0063f2]█[/][#9ad8ff on #001006]▀[/][#0063f2 on #003a7c]▀[/][#001006 on #0063f2]▀▀[/][#0063f2 on #004bd8]▀[/][#0063f2 on #002262]▀[/][#0063f2 on #001006]▀[/][#0063f2 on #002244]▀[/][#004bd8 on #003582]▀[/][#0033bd on #003582]▀▀[/][#0033bd on #002244]▀[/][#001006 on #9ad8ff]▀▀[/][#001006 on #4d7482]▀[/][#001006 on #9ad8ff]▀[/][#9ad8ff]██[/][#9ad8ff on #4d7482]▀[/][#4d7482 on #9ad8ff]▀[/][#9ad8ff]██████[/][#4d7482 on #9ad8ff]▀[/][#4d7482]▄[/]
        [#4d7482]▄[/][#4d7482 on #9ad8ff]▀[/][#9ad8ff]█[/][#9ad8ff on #0063f2]▀[/][#9ad8ff on #001006]▀[/][#003a7c on #4d86de]▌[/][#003a7c on #9ad8ff]▀[/][#001006 on #0063f2]▀[/][#003a7c on #0063f2]▀[/][#0063f2 on #004bd8]▀[/][#0063f2 on #001006]▀[/][#004bd8 on #003582]▀[/][#001006 on #002244]▀[/][#003582]████████[/][#002244 on #4d86c0]▌[/][#9ad8ff on #4d7482]▀[/][#9ad8ff]█[/][#4d7482 on #9ad8ff]▀[/][#9ad8ff on #001006]▀[/][#4d7482 on #9ad8ff]▀[/][#9ad8ff]██████████[/][#4d7482 on #9ad8ff]▀[/][#001006]▖[/]
      [#4d7482]▄[/][#003a7c on #4d9ef8]▌[/][#9ad8ff on #001006]▀[/][#003a7c on #4d9ef8]▌[/][#001006 on #4d9ef8]▀[/][#003a7c on #4d9ef8]▌[/][#4d9ef8 on #0063f2]▀[/][#0063f2]███[/][#003a7c on #0063f2]▀[/][#003582 on #002244]▀[/][#003582]██[/][#003582 on #004cba]▀[/][#004bd8 on #0063f2]▀[/][#0063f2 on #004bd8]▀[/][#0063f2]█[/][#003582 on #0063f2]▀▀[/][#003582]█████[/][#001006 on #9ad8ff]▌[/][#4d7482 on #9ad8ff]▀[/][#9ad8ff]█████████████[/][#9ad8ff on #001006]▌[/]
    [#002244]▄[/][#002244 on #003582]▀▀[/][#002244 on #4d9ef8]▌[/][#4d9ef8 on #004cba]▌[/][#0034a0 on #0063f2]▀[/][#004bd8]█[/][#0063f2 on #004bd8]▀[/][#0063f2]██████[/][#001006 on #0063f2]▀▀▀▀▀▀▀▀▀▀▀▀[/][#003a7c on #9ad8ff]▌[/][#001006 on #9ad8ff]▌[/][#9ad8ff]███████████████[/][#001006]▌[/]
   [#001006]▝[/][#335359]▜[/][#9ad8ff on #4d7482]▀[/][#003582 on #9ad8ff]▀[/][#004cba on #003582]▀[/][#0063f2 on #003582]▀▀▀[/][#004bd8 on #003582]▀▀[/][#0063f2 on #003582]▀[/][#0063f2 on #004cba]▀[/][#0063f2]███[/][#0063f2 on #003582]▀▀▀[/][#0063f2 on #002244]▀[/][#0063f2 on #004bd8]▀[/][#0063f2]████████[/][#9ad8ff on #001006]▌[/][#9ad8ff]███████████████[/][#001006]▌[/]
     [#001006]▝▀██[/][#800a03 on #001006]▀[/][#fb0a00]█[/][#fb0a00 on #410806]▌[/][#002244 on #410806]▀[/][#4685c0 on #002244]▌[/][#003582 on #001006]▀[/][#003582]██████[/][#4d86c0 on #003582]▀[/][#002262 on #4d7482]▀[/][#0063f2 on #004bd8]▀[/][#0063f2]███████[/][#9ad8ff on #001006]▌[/][#9ad8ff]██████████████[/][#9ad8ff on #4d7482]▀[/][#305259]▙[/]
          [#550c04]▜[/][#f90e00]█[/][#410806 on #487382]▀[/][#8ed6ff]█[/][#8cd5ff]███[/][#8ed6ff]██[/][#8dd5ff]█[/][#002244 on #467282]▀[/][#003582 on #002244]▀[/][#004cba on #4d9ef8]▌[/][#002262 on #4d7482]▀[/][#0063f2 on #004bd8]▀[/][#0063f2]████[/][#0063f2 on #003a7c]▀[/][#004cba on #002244]▌[/][#003582]█[/][#002244 on #4d86c0]▌[/][#9ad8ff on #4d7482]▀[/][#9ad8ff]████████████[/][#4b7482]█[/][#4a7482 on #002262]▀[/][#0033bd]▄[/][#001006 on #4d86de]▀[/][#001006 on #9ad8ff]▀[/][#002262 on #4d9ef8]▀[/]
           [#001006 on #4a7482]▀[/][#91d6ff]██████[/][#001006 on #91d6ff]▀[/][#001006 on #8cd5ff]▀[/][#001006 on #467282]▀[/][#001006 on #003a7c]▀[/][#003a7c on #4d9ef8]▀[/][#4d9ef8 on #0063f2]▀[/][#003a7c on #0063f2]▀[/][#0063f2]██[/][#0063f2 on #003a7c]▀[/][#004cba on #002244]▌[/][#003582]██[/][#003582 on #004cba]▀[/][#004cba on #0063f2]▀[/][#0063f2]█[/][#003a7c on #4d9ef8]▌[/][#9ad8ff on #4d7482]▀[/][#9ad8ff]█████████[/][#4b7482]█[/][#92d6ff on #4a7482]▀[/][#002262 on #4d86de]▀[/][#4d86de on #0033bd]▀[/][#0033bd on #001006]▀[/][#002262 on #004bd8]▌[/][#0063f2]█[/]
            [#4a7482]▀[/][#487382 on #92d6ff]▌[/][#91d6ff]███[/][#90d6ff]█[/][#8cd5ff]█[/][#90d6ff]█[/][#001006 on #4d9ef8]▌[/][#4d9ef8 on #0063f2]▀[/][#0063f2]███[/][#0063f2 on #003a7c]▀[/][#004cba on #002244]▌[/][#003582]▙[/] [#0044a7]▟[/][#004cba on #0063f2]▀[/][#0063f2]███[/][#0063f2 on #9ad8ff]▀[/][#9ad8ff on #0033bd]▌[/][#4d7482 on #002262]▀[/][#9ad8ff on #001006]▀▀▀▀▀▀[/][#9ad8ff on #487382]▀[/][#487382 on #91d6ff]▀[/][#92d6ff]█[/][#4a7482 on #001006]▀[/][#001006]███[/][#003a7c on #0063f2]▀[/][#4d9ef8 on #9ad8ff]▀[/]
              [#001006 on #8cd5ff]▌[/][#91d6ff on #467282]▀[/][#91d6ff]█[/][#8cd5ff]█[/][#93d6ff on #002262]▀[/][#001006 on #002262]▀[/][#0063f2]████[/][#0063f2 on #001006]▌[/][#003582]▙[/] [#003582]▟[/][#004cba on #9ad8ff]▀[/][#4d9ef8 on #004bd8]▌[/][#0063f2 on #002262]▀[/][#9ad8ff on #001006]▀[/][#4d86de on #003582]▀[/][#0033bd on #003582]▀[/][#001006 on #002244]▀[/][#0034a0 on #002244]▌[/][#002244 on #467282]▀[/][#8cd5ff]██[/][#8ed6ff]██[/][#91d6ff]███[/][#92d6ff on #487382]▌[/][#4a7482 on #001006]▀[/][#001006]███[/][#003a7c on #0063f2]▀[/][#4d9ef8 on #9ad8ff]▀[/][#4d9ef8 on #0063f2]▀[/]
             [#315259]▟[/][#92d6ff on #001006]▌[/][#8cd5ff]█[/][#467282 on #8cd5ff]▀[/][#467282 on #001006]▀[/][#0063f2]█[/][#0033bd]█[/][#001006 on #004bd8]▌[/][#0063f2]███[/][#0063f2 on #003a7c]▀[/][#004cba on #002244]▌[/][#001006 on #003582]▀▀[/][#002244 on #003582]▀[/][#003582]███[/][#003582 on #002244]▀[/][#002244 on #003582]▀[/][#003582]█[/][#003582 on #001006]▀[/][#001006]████████████[/][#003a7c on #4d9ef8]▀[/][#9ad8ff on #4d9ef8]▀[/][#0063f2]██[/]
           [#001006]▗[/][#6294ac]▟[/][#92d6ff on #487382]▀[/][#467282 on #8cd5ff]▀[/][#8cd5ff]███[/][#002262 on #467282]▀[/][#0063f2 on #001006]▀[/][#002262 on #001006]▀[/][#003582 on #001006]▀▀▀[/][#002244 on #001006]▀[/][#001006]███████[/][#003582 on #001006]▀▀[/][#001006]████████████[/][#001006 on #002262]▀[/][#003a7c on #4d9ef8]▀[/][#9ad8ff on #4d9ef8]▀[/][#0063f2]███[/]
         [#001006]▄[/][#6294ac]▟[/][#92d6ff]█[/][#91d6ff on #467282]▀[/][#467282 on #8cd5ff]▀[/][#8cd5ff]██[/][#8cd5ff on #467282]▀[/][#467282 on #002262]▀[/][#001006 on #004bd8]▀[/][#001006 on #002262]▀[/][#001006]████████████████████████[/][#001006 on #002262]▀[/][#002262 on #0063f2]▀[/][#4d9ef8 on #9ad8ff]▀[/][#4d9ef8 on #0063f2]▀[/][#0063f2]████[/]
        [#001006]▝[/][#8ed6ff on #001006]▀[/][#91d6ff on #467282]▀[/][#467282 on #8cd5ff]▀[/][#8cd5ff on #001006]▀▀[/][#8cd5ff]▀[/][#001006]▀[/][#002262]▀[/][#0033bd on #002262]▀[/][#004bd8 on #002262]▀[/][#002262 on #004bd8]▀[/][#002262 on #0063f2]▀[/][#004bd8 on #0063f2]▀[/][#0063f2]█[/][#0063f2 on #0033bd]▀▀▀[/][#002262 on #0033bd]▀[/][#001006 on #002262]▀[/][#001006]████[/][#001006 on #410806]▀[/][#001006]█████████[/][#001006 on #002262]▀[/][#001006 on #0033bd]▌[/][#0063f2 on #9ad8ff]▀[/][#9ad8ff on #003a7c]▀[/][#0063f2]██████[/]
         [#001006]▝▀[/]     [#002262]▄[/][#002262 on #9ad8ff]▀[/][#9ad8ff on #4d9ef8]▀[/][#4d9ef8 on #0063f2]▀[/][#0063f2 on #004bd8]▀[/][#0033bd]███████[/][#001006 on #410805]▀▀▀[/][#410805 on #820004]▀[/][#8b0007]█[/][#410806 on #820005]▀[/][#001006]████[/][#001006 on #0033bd]▀[/][#001006 on #0063f2]▀[/][#001006 on #9ad8ff]▀[/][#004bd8 on #9ad8ff]▀[/][#4d9ef8 on #0063f2]▀[/][#9ad8ff on #001006]▀[/][#001006 on #002262]▀[/][#001006]█[/][#003a7c on #001006]▀[/][#0063f2 on #003a7c]▀[/][#0063f2]████[/]
              [#002262]▄[/][#002262 on #9ad8ff]▀[/][#9ad8ff on #4d9ef8]▀[/][#4d9ef8 on #0063f2]▀[/][#0063f2]█[/][#0063f2 on #004bd8]▀[/][#0033bd]████[/][#0033bd on #002262]▀[/][#0033bd on #9ad8ff]▀▀▀▀[/][#410805 on #9ad8ff]▀[/][#820004 on #410805]▀[/][#820005 on #001006]▀[/][#820005 on #004bd8]▀[/][#001006 on #0063f2]▀[/][#0033bd on #4d9ef8]▀[/][#004bd8 on #9ad8ff]▀[/][#0063f2]█[/][#9ad8ff on #0063f2]▀▀[/][#0063f2 on #003a7c]▀[/][#0063f2 on #002262]▀[/][#004bd8 on #002262]▌[/][#002262 on #0033bd]▀[/][#0033bd]█[/][#001006 on #0033bd]▌[/][#001006 on #002262]▀[/][#001006]██[/][#003a7c on #001006]▀[/][#0063f2]█[/][#0063f2 on #004bd8]▀[/][#0063f2]█[/]
            [#002262]▄[/][#002262 on #9ad8ff]▀[/][#9ad8ff on #4d9ef8]▀[/][#4d9ef8 on #0063f2]▀[/][#0063f2]██[/][#0063f2 on #004bd8]▀[/][#0033bd]███[/][#0033bd on #002262]▀[/][#002262 on #9ad8ff]▀[/][#9ad8ff on #4d9ef8]▀[/][#9ad8ff on #0063f2]▀▀[/][#9ad8ff on #001006]▀[/][#9ad8ff on #004bd8]▀[/][#001006 on #4d9ef8]▀[/][#004bd8 on #9ad8ff]▀[/][#4d9ef8 on #0063f2]▀[/][#9ad8ff on #0063f2]▀[/][#4d9ef8 on #0063f2]▀[/][#0063f2]█[/][#0063f2 on #003a7c]▀[/][#0063f2 on #002262]▀[/][#004bd8 on #002262]▌[/][#002262 on #0033bd]▀[/][#0033bd]█████[/][#0033bd on #001006]▌▌[/][#001006]███[/][#003a7c on #001006]▀[/][#004bd8 on #0063f2]▀[/][#004bd8 on #0033bd]▀[/]
         [#001006]▗[/][#4d7482]▄[/][#001006 on #4d86de]▌[/][#9ad8ff on #4d9ef8]▀[/][#4d9ef8 on #0063f2]▀[/][#0063f2]███[/][#0063f2 on #004bd8]▀[/][#0033bd]██[/][#0033bd on #002262]▀[/][#002262 on #9ad8ff]▀[/][#9ad8ff on #0063f2]▀[/][#0063f2 on #003a7c]▀[/][#0063f2 on #004bd8]▀[/][#001006 on #4d9ef8]▀[/][#004bd8 on #9ad8ff]▀[/][#4d9ef8 on #9ad8ff]▀[/][#9ad8ff on #0063f2]▀[/][#0063f2]████[/][#003a7c on #002262]▀[/][#002262 on #0033bd]▀[/][#0033bd]██████████[/][#001006 on #0033bd]▌[/][#001006]████[/][#003a7c on #001006]▀[/][#004bd8 on #0063f2]▀[/]
  [#001006]▗▄[/][#9ad8ff]▄▄[/][#001006 on #4d9ef8]▀[/][#001006 on #0063f2]▀[/][#9ad8ff on #0063f2]▀▀[/][#0063f2]█[/][#003a7c on #0063f2]▀[/][#004bd8 on #002262]▀[/][#0063f2]███[/][#0063f2 on #004bd8]▀[/][#0033bd]███[/][#001006 on #4d9ef8]▌[/][#0063f2]██[/][#0063f2 on #001006]▌[/][#0033bd on #0063f2]▌[/][#9ad8ff]███[/][#0063f2]█████[/][#0063f2 on #001006]▌[/][#0033bd]█████████[/][#0033bd on #0063f2]▀▀[/][#002262 on #0063f2]▀[/][#002262 on #4d7482]▀[/][#001006 on #002262]▀[/][#001006]███[/][#001006 on #0063f2]▌[/]
  [#9ad8ff on #0063f2]▀[/][#0063f2]█████████[/][#0063f2 on #001006]▌[/][#0063f2 on #004bd8]▀▀[/][#004bd8 on #0033bd]▀[/][#0033bd on #002262]▀[/][#002262 on #9ad8ff]▀▀[/][#0033bd on #002262]▀[/][#002262 on #0033bd]▀[/][#0063f2 on #002262]▀[/][#003a7c on #9ad8ff]▀[/][#9ad8ff on #001006]▌[/][#0033bd on #0063f2]▌[/][#9ad8ff]███[/][#0063f2]██████[/][#002262 on #0063f2]▀[/][#0033bd]█[/][#0033bd on #002262]▀[/][#0033bd on #001006]▀[/][#004bd8 on #9ad8ff]▀[/][#0063f2 on #4d9ef8]▀[/][#0063f2]███████[/][#003a7c on #4d9ef8]▌[/][#002262 on #4d7482]▀[/][#001006 on #9ad8ff]▀[/][#003a7c on #9ad8ff]▀[/][#0063f2 on #001006]▀[/]
