banner_hero: |2-
  [#001006]▝[/][#4f059b]▜[/][#6800c6 on #7700e5]▀[/][#5800a7 on #7700e5]▀[/][#5800a7]█[/][#2c0856 on #5800a7]▀[/][#001006 on #2c0856]▀[/][#001006]▄[/]                          [#3c0876]▄[/][#001006 on #6800c6]▀[/][#2c0856 on #6800c6]▌[/][#6800c6 on #5800a7]▀[/][#5800a7]████[/][#2c0856]█[/][#2c0856 on #3c0876]▀[/][#5800a7 on #001006]▀[/][#001006 on #428e00]▀[/][#428e00]████[/]
    [#001006]▝[/][#3c0876]▀[/][#7700e5 on #3c0876]▀[/][#5800a7 on #7700e5]▀[/][#5800a7]█[/][#2c0856 on #5800a7]▀[/][#001006 on #5800a7]▀[/][#001006]▙▖[/]               [#001006]▗▄▄[/][#3c0876]▄[/][#7700e5]▄[/][#3c0876]▄▄[/][#3c0876 on #7700e5]▀[/][#7700e5 on #6800c6]▀[/][#5800a7]███████[/][#2c0856 on #3c0876]▀[/][#7700e5 on #001006]▌[/][#001006 on #428e00]▌[/][#214f03 on #004c18]▀[/][#001006 on #00872b]▀[/][#214f03 on #004c18]▀[/][#428e00]██[/]
       [#3c0876]▀[/][#7700e5 on #3c0876]▀[/][#5800a7 on #7700e5]▀[/][#5800a7]██[/][#001006 on #5800a7]▀[/][#001006]▙[/][#00872b]▖[/]       [#001006]▗▄[/][#3b0571]▟[/][#001006 on #7700e5]▀[/][#2c0856 on #5800a7]▀[/][#6800c6 on #5800a7]▀[/][#5800a7]██[/][#6800c6 on #7700e5]▀[/][#7700e5]█[/][#7700e5 on #001006]▀[/][#001006 on #3c0876]▀[/][#7700e5]█[/][#7700e5 on #6800c6]▀[/][#5800a7 on #2c0856]▀[/][#2c0856 on #3c0876]▀[/][#001006 on #6800c6]▀[/][#5800a7 on #2c0856]▀[/][#5800a7]█[/][#5800a7 on #2c0856]▀[/][#6800c6 on #001006]▌[/][#7700e5 on #5800a7]▀[/][#001006 on #5800a7]▀[/][#5800a7]█[/][#001006 on #adc500]▌[/][#001006 on #00872b]▌[/][#00872b]█[/][#004c18 on #00872b]▀[/][#428e00 on #214f03]▀[/][#428e00]█[/]
         [#280b50]▜[/][#7700e5]█[/][#6800c6 on #7700e5]▀[/][#5800a7 on #4d4754]▀[/][#428e00]█[/][#00872b on #218a16]▀[/][#00872b]▙[/][#004c18]▄[/]   [#001006]▗█[/][#2c0856 on #5800a7]▀[/][#5800a7 on #001006]▀[/][#5800a7 on #2c0856]▀[/][#5800a7]████[/][#5800a7 on #7700e5]▌[/][#7700e5]██[/][#001006]█[/][#7700e5]█[/][#7700e5 on #6800c6]▀[/][#5800a7 on #2c0856]▀[/][#001006]█[/][#7700e5 on #6800c6]▀[/][#6800c6 on #001006]▌[/][#001006 on #5800a7]▌[/][#5800a7]█[/][#001006 on #7700e5]▌[/][#001006]██[/][#2c0856 on #001006]▀[/][#5800a7]█[/][#001006 on #adc500]▌[/][#001006 on #00872b]▌[/][#00872b]██[/][#001006 on #428e00]▌[/][#428e00]█[/]
           [#566a03]▀[/][#adc500 on #566a03]▀[/][#428e00 on #adc500]▀[/][#428e00]█[/][#218a16 on #5800a7]▀[/][#004c18 on #5800a7]▀[/][#001006]██▟██████[/][#5800a7 on #2c0856]▀[/][#5800a7]█[/][#5800a7 on #6800c6]▀[/][#7700e5]██[/][#7700e5 on #001006]▀[/][#001006]█[/][#7700e5 on #001006]▀[/][#6800c6 on #001006]▀[/][#2c0856 on #3c0876]▀[/][#7700e5 on #6800c6]▀[/][#5800a7 on #001006]▌[/][#001006 on #2c0856]▀[/][#5800a7]█[/][#2c0856 on #3c0876]▀[/][#7700e5 on #001006]▌[/][#5800a7]███[/][#001006 on #5800a7]▀[/][#001006 on #adc500]▌[/][#001006 on #00872b]▌[/][#00872b]██[/][#001006]█[/][#428e00]█[/]
             [#566a03]▀[/][#7700e5 on #3c0876]▀[/][#5800a7 on #7700e5]▀[/][#5800a7 on #6800c6]▀[/][#5800a7]█[/][#001006 on #2c0856]▀[/][#001006]█[/][#001006 on #2c0856]▀[/][#7700e5 on #5800a7]▀[/][#6800c6 on #2c0856]▌[/][#001006]██[/][#001006 on #2c0856]▀[/][#2c0856 on #7700e5]▀[/][#5800a7 on #7700e5]▀[/][#7700e5]██[/][#001006 on #3a5c7c]▀[/][#74a8f2 on #3a5c7c]▀[/][#74a8f2]█[/][#3a5c7c on #74a8f2]▀[/][#001006 on #3a5c7c]▀▀[/][#2c0856]█[/][#5800a7]██[/][#5800a7 on #2c0856]▀[/][#3c0876]█[/][#2c0856 on #5800a7]▀[/][#5800a7]████[/][#001006 on #adc500]▌[/][#001006 on #00872b]▌[/][#00872b on #004c18]▀[/][#00872b on #001006]▀[/][#004c18 on #001006]▀[/][#428e00 on #214f03]▀[/]
              [#001006]▝[/][#001006 on #7700e5]▌[/][#7700e5 on #3c0876]▀[/][#3c0876 on #001006]▀[/][#3c0876 on #6800c6]▀[/][#5800a7 on #6800c6]▀[/][#6800c6 on #5800a7]▀[/][#5800a7]████[/][#001006 on #6800c6]▌[/][#5800a7 on #001006]▀[/][#5800a7 on #2c0856]▀[/][#5800a7 on #7700e5]▌[/][#7700e5 on #001006]▌[/][#78adf6]█[/][#76aaf4]█[/][#74a8f2]█[/][#74a8f2 on #001006]▌[/][#74a8f2 on #3a5c7c]▀[/][#3a5c7c on #3c0876]▀[/][#7700e5]█[/][#7700e5 on #5800a7]▀▀[/][#2c0856 on #3c0876]▀[/][#7700e5 on #001006]▌[/][#5800a7]█████[/][#001006 on #adc500]▌[/][#001006 on #00872b]▌[/][#00872b]██[/][#004c18 on #00872b]▀[/][#001006 on #428e00]▌[/]
               [#001006]▜█[/][#7700e5 on #5800a7]▌[/][#5800a7]████[/][#5800a7 on #001006]▀[/][#5800a7 on #7700e5]▀[/][#001006 on #5800a7]▀[/][#6800c6]█[/][#5800a7 on #001006]▀▀[/][#7700e5 on #5800a7]▀[/][#6800c6 on #2c0856]▌[/][#001006 on #5800a7]▀▀▀▀[/][#2c0856 on #5800a7]▀[/][#5800a7]████[/][#001006 on #7700e5]▌[/][#001006 on #3c0876]▀[/][#5800a7 on #7700e5]▀▀[/][#7700e5]███[/][#001006 on #adc500]▌[/][#001006 on #00872b]▌[/][#00872b]███[/][#001006]█[/]
               [#001006]▐[/][#001006 on #3c0876]▀[/][#6800c6 on #5800a7]▀[/][#5800a7]█[/][#2c0856 on #6800c6]▌▌[/][#7700e5 on #5800a7]▀[/][#5800a7]█[/][#5800a7 on #7700e5]▀[/][#6800c6 on #001006]▀[/][#2c0856 on #001006]▀[/][#5800a7 on #2c0856]▀[/][#5800a7]███[/][#5800a7 on #2c0856]▀[/][#2c0856 on #6800c6]▀[/][#5800a7]██[/][#2c0856]█[/][#6800c6 on #5800a7]▀[/][#5800a7]█[/][#5800a7 on #2c0856]▀[/][#2c0856 on #3c0876]▀[/][#7700e5 on #001006]▌[/][#001006 on #7700e5]▌[/][#7700e5]█████[/][#001006 on #adc500]▌[/][#001006 on #00872b]▌[/][#00872b]███[/][#004c18 on #00872b]▀[/]
               [#001006]▐[/][#001006 on #6800c6]▌[/][#2c0856 on #6800c6]▌▌[/][#5800a7 on #6800c6]▀[/][#6800c6 on #3c0876]▀[/][#7700e5 on #78adf6]▀[/][#7856ee on #3c0876]▌[/][#001006]██[/][#001006 on #2c0856]▀[/][#2c0856 on #6800c6]▀[/][#6800c6 on #7700e5]▀[/][#7700e5]█[/][#001006]█[/][#6800c6 on #001006]▀[/][#5800a7 on #001006]▀[/][#5800a7 on #7700e5]▀[/][#2c0856 on #6800c6]▌[/][#7700e5 on #5800a7]▀▀[/][#001006 on #6800c6]▀[/][#7700e5 on #2c0856]▀[/][#3c0876 on #001006]▀[/][#001006]█[/][#3c0876 on #001006]▀[/][#7700e5]█████[/][#566a03 on #001006]▀[/][#004c18 on #566a03]▀[/][#00872b]███[/][#004c18 on #00872b]▀[/]
              [#001006]▗[/][#3c0876 on #7700e5]▀[/][#7700e5 on #2c0856]▌[/][#6800c6 on #890654]▌[/][#ba0d00 on #6800c6]▀[/][#ba0d00 on #406482]▀[/][#406482 on #80b8ff]▀[/][#80b8ff]█[/][#3c5e7e on #5d0e03]▀[/][#001006 on #ba0d00]▀[/][#001006 on #5d0e03]▀[/][#001006 on #5800a7]▌[/][#5800a7 on #2c0856]▀[/][#2c0856 on #7700e5]▌[/][#7700e5 on #2c0856]▀[/][#2c0856 on #5800a7]▀[/][#2c0856 on #6800c6]▌▌[/][#5800a7]██[/][#5800a7 on #6800c6]▀[/][#6800c6 on #2c0856]▀[/][#6800c6 on #001006]▌[/][#001006]█████[/][#3c0876 on #001006]▀[/][#7700e5 on #001006]▀▀[/][#7700e5 on #3c0876]▀[/][#3c0876 on #7700e5]▀[/][#566a03 on #001006]▀[/][#001006 on #56a616]▌[/][#56a616 on #004c18]▌[/][#00872b]██[/]
              [#001006]▐[/][#6800c6 on #7700e5]▀[/][#5800a7 on #7700e5]▀▀[/][#7700e5 on #001006]▌[/][#7cb2fa on #001006]▀[/][#80b8ff on #001006]▀[/][#001006]██[/][#001006 on #5800a7]▀[/][#2c0856]█[/][#2c0856 on #6800c6]▀[/][#7700e5 on #5800a7]▀▀[/][#7700e5 on #2c0856]▀[/][#2c0856 on #6800c6]▀[/][#5800a7 on #7700e5]▀▀[/][#7700e5]█[/][#7700e5 on #2c0856]▀[/][#2c0856 on #7700e5]▀[/][#7700e5 on #001006]▌[/][#001006]████[/][#d43000]█[/][#001006 on #d43000]▀▀[/][#001006]███████[/][#c07a00 on #001006]▌[/][#56a616 on #004c18]▌[/]
              [#001006]▐█[/][#001006 on #2c0856]▀[/][#001006 on #5800a7]▀[/][#001006]██[/][#5800a7 on #001006]▀[/][#5800a7 on #7700e5]▀▀[/][#3c0876 on #001006]▀▀[/][#001006]█[/][#2c0856 on #56a616]▀[/][#3c0876 on #56a616]▀[/][#7700e5 on #004c18]▀[/][#7700e5 on #001006]▀[/][#6800c6 on #001006]▀[/][#2c0856 on #3c4488]▀[/][#001006 on #7700e5]▀[/][#7700e5 on #3c0876]▀[/][#3c0876 on #001006]▀[/][#001006]█[/][#001006 on #d43000]▌[/][#d43000 on #ea5a00]▀[/][#d43000 on #ff8300]▀[/][#d43000]█[/][#6a2003]█[/][#6a2003 on #ea5a00]▌[/][#d43000 on #ff8300]▀▀[/][#d43000]█[/][#6a2003 on #d43000]▀[/][#001006 on #d43000]▀[/][#001006 on #6a2003]▀[/][#001006]██[/][#ea5a00 on #ff8300]▀[/][#6a2003 on #ff8300]▀[/]
              [#001006 on #5800a7]▌[/][#5800a7 on #001006]▀[/][#2c0856 on #3c0876]▀[/][#7700e5 on #3c0876]▀[/][#001006]██[/][#7700e5 on #001006]▀[/][#001006]█[/][#001006 on #820004]▀[/][#001006 on #78adf6]▌[/][#78adf6]█[/][#001006 on #3c5e7e]▀[/][#001006]██[/][#adc500 on #001006]▀[/][#adc500]██[/][#7700e5 on #566a03]▀[/][#001006]█████[/][#d43000 on #6a2003]▀[/][#d43000 on #ff8300]▌[/][#ff8300]█[/][#ea5a00 on #ff8300]▀[/][#d43000 on #001006]▌[/][#ff8300 on #804a03]▀[/][#ff8300]████[/][#d43000 on #ff8300]▀[/][#d43000 on #ea5a00]▀[/][#d43000 on #001006]▌[/][#ff8300]██[/]
              [#001006]▀▀▀[/][#001006 on #78adf6]▌[/][#77acf5]█[/][#3a5c7c on #74a8f2]▀[/][#410805 on #001006]▀[/][#820004]▀[/][#001006]▀[/][#001006 on #3c5e7e]▀[/][#001006 on #410805]▀[/][#001006 on #820004]▀[/][#001006 on #3c5e7e]▀[/][#001006 on #78adf6]▀[/][#76aaf4 on #001006]▀[/][#001006]███[/][#001006 on #74a8f2]▀[/][#001006]███[/][#001006 on #804a03]▀[/][#d43000 on #ff8300]▀[/][#ea5a00 on #ff8300]▀[/][#ff8300]███[/][#6a2003 on #ea5a00]▀[/][#001006]█[/][#ff8300]██████[/][#804a03 on #001006]▀[/][#ff8300]█[/]
                 [#001006]▝[/][#78adf6]▀[/][#001006]▀[/]   [#001006]▝[/][#78adf6 on #3c5e7e]▀[/][#410805 on #001006]▀[/][#820004 on #001006]▌[/][#001006 on #410805]▀[/][#78adf6 on #410805]▀[/][#78adf6 on #3c5e7e]▀[/][#001006]█[/][#3c5e7e on #001006]▀[/][#78adf6]█[/][#77acf5]█[/][#001006]█[/][#001006 on #804a03]▀[/][#ff8300]██████[/][#ff8300 on #d43000]▌[/][#001006]█[/][#ff8300]██████[/][#804a03 on #ff8300]▀[/][#ff8300 on #804a03]▀[/]
                       [#001006]▗[/][#5079a6]▟[/][#001006]█[/][#3a5c7c on #410805]▀[/][#3b5d7d]█[/][#410805 on #3a5c7c]▀[/][#410805 on #001006]▀[/][#76aaf4 on #001006]▀[/][#001006 on #3c5e7e]▀[/][#001006]██[/][#001006 on #6800c6]▀[/][#ff8300 on #5800a7]▀▀[/][#ff8300 on #2c0856]▀[/][#ff8300 on #804a03]▀[/][#ff8300]███[/][#ea5a00 on #ff8300]▀[/][#001006 on #d43000]▀[/][#ff8300 on #001006]▀[/][#ff8300]██████[/][#ff8300 on #001006]▌[/]
                       [#001006]▐[/][#78adf6 on #001006]▀[/][#3c5e7e on #820004]▀[/][#820004 on #410805]▀[/][#410805 on #001006]▀[/][#76aaf4 on #001006]▀[/][#001006 on #3c5e7e]▀[/][#001006]█[/][#78adf6 on #3a5c7c]▌[/][#001006]█▌[/][#3c0876]▀[/][#7700e5]▀▀[/][#280b50]▜[/][#001006]█[/][#ff8300 on #804a03]▀[/][#ff8300]████[/][#6a2003 on #ff8300]▀[/][#804a03 on #6a2003]▀[/][#ff8300 on #804a03]▀[/][#ff8300]█████[/]
                      [#001006]▗[/][#001006 on #74a8f2]▀[/][#001006 on #3a5c7c]▀[/][#001006 on #76aaf4]▀[/][#410805 on #001006]▀[/][#3a5c7c on #001006]▀[/][#001006 on #3a5c7c]▀[/][#001006]██[/][#78adf6]█[/][#001006]█[/]      [#001006]▀▀▀▀▀[/][#ff8300 on #001006]▀[/][#ff8300]█[/][#6a2003 on #ff8300]▀[/][#ff8300 on #804a03]▀[/][#ff8300]███[/][#ff8300 on #804a03]▀[/]
                       [#284456]▜[/][#78adf6]██[/][#001006]██[/][#3c5e7e on #001006]▀[/][#001006 on #3a5c7c]▀[/][#001006]▌[/]             [#001006 on #ff8300]▌[/][#001006 on #804a03]▀[/][#ff8300 on #001006]▀[/][#804a03 on #ff8300]▀[/][#ff8300 on #001006]▀[/][#ff8300 on #804a03]▀▀[/][#001006 on #804a03]▀[/]
                        [#001006]▐[/][#001006 on #3c5e7e]▀[/][#3a5c7c on #76aaf4]▀[/][#001006 on #3a5c7c]▀[/][#001006]█[/][#001006 on #3a5c7c]▀[/][#001006]▌[/]             [#001006 on #ff8300]▌[/][#001006 on #3a5c7c]▀[/][#001006]██[/][#001006 on #ff8300]▀[/][#804a03 on #ff8300]▀[/][#ff8300 on #001006]▌▀[/]
                        [#001006]▝[/][#284456]▜[/][#78adf6 on #3c5e7e]▀[/][#78adf6]█[/][#3a5c7c on #76aaf4]▀[/][#001006 on #76aaf4]▌[/][#001006]▌[/]             [#001006 on #3c5e7e]▀[/][#76aaf4]█[/][#001006]█[/][#5800a7 on #2c0856]▀[/][#001006 on #5800a7]▀[/][#804a03 on #2c0856]▀[/][#ff8300 on #804a03]▀[/][#804a03 on #ff8300]▀[/]
                         [#001006]▐[/][#adc500 on #00872b]▌[/][#004c18 on #00872b]▀[/][#78adf6 on #3c5e7e]▀[/][#3c5e7e on #78adf6]▀[/][#001006]▌[/]             [#3c5e7e on #001006]▀[/][#78adf6 on #3c5e7e]▀[/][#3a5c7c on #001006]▀[/][#2c0856 on #001006]▀[/][#5800a7]██[/][#2c0856 on #5800a7]▀[/][#804a03 on #2c0856]▀[/]
                          [#001006 on #adc500]▌[/][#adc500 on #00872b]▌[/][#00872b on #001006]▌[/][#78adf6]█[/][#001006]▌[/]              [#001006 on #6856ce]▌[/][#78adf6]█[/][#001006 on #3a5c7c]▀[/][#2c0856 on #001006]▀[/][#5800a7 on #2c0856]▀[/][#5800a7]█[/][#5800a7 on #001006]▌[/]
                          [#001006 on #adc500]▌[/][#adc500]█[/][#00872b]█[/][#001006 on #78adf6]▌[/][#001006]▌[/]             [#001006]▟[/][#2c0856 on #5800a7]▀[/][#78adf6 on #6856ce]▀[/][#78adf6 on #3a5c7c]▌[/][#001006]██[/][#5800a7 on #2c0856]▀[/][#5800a7]█[/]
                          [#001006 on #adc500]▌[/][#adc500 on #56a616]▀[/][#00872b]█[/][#003812]▛[/]             [#001006]▄[/][#001006 on #3c0876]▀[/][#5800a7]█[/][#5800a7 on #001006]▌[/][#78adf6 on #001006]▀[/][#78adf6]█[/][#3c5e7e on #78adf6]▀[/][#001006 on #74a8f2]▀[/][#2c0856 on #001006]▀[/]
                          [#001006]▝[/][#004c18]▀[/][#001006]▘[/]              [#001006]▀[/][#3c0876 on #001006]▀[/][#6800c6 on #7700e5]▀[/][#5800a7]█[/][#001006 on #2c0856]▀[/][#001006]█[/][#3c5e7e on #001006]▀[/][#78adf6 on #3c5e7e]▀[/][#78adf6]█[/]
