banner_hero: |2-
               [#001006]▄[/][#ff9200]▄[/][#001006 on #ff9200]▀[/][#5d0e03 on #dc5000]▌[/][#ff9200 on #dc1f00]▀[/][#ff9200 on #ff3100]▀▀[/][#ba0d00 on #ff3100]▀▀▀[/][#dc1f00 on #ff3100]▀[/][#ff3100]███[/][#ff3100 on #001006]▌[/][#001006 on #ffffff]▌[/][#ffffff]████[/][#ffffff on #c6cbd3]▀[/][#001006]█[/][#940200]█[/][#ca5000 on #940200]▀[/][#001006 on #ffffff]▌[/][#ffffff]█[/][#8c97a7 on #ffffff]▀[/][#001006 on #ffffff]▀[/][#001006 on #5d0e03]▀[/][#001006 on #dc5600]▀[/][#001006 on #ba0d00]▀[/][#001006 on #ff9f00]▀[/][#805803]▄[/][#5d0e03]▄[/][#ba0d00]▄[/][#001006 on #ba0d00]▀[/][#dc5600 on #001006]▀[/]
            [#805103]▄[/][#001006 on #ff9200]▀[/][#ff9200 on #001006]▀[/][#ff6200 on #dc1f00]▌[/][#ba0d00 on #ff3100]▀[/][#ff3100]███████████[/][#ff3100 on #802003]▀[/][#808882 on #ffffff]▀[/][#ffffff]█████[/][#808882 on #5d0e03]▀[/][#ba0d00 on #ff3100]▀[/][#ff3100 on #940200]▌[/][#940200 on #4a0903]▀[/][#808882 on #ffffff]▀[/][#ffffff]███[/][#465456 on #c6cbd3]▀[/][#dc1f00 on #5d0e03]▀[/][#ff3100]███[/][#001006 on #4a0903]▀[/][#001006 on #940200]▀[/][#ba0d00]██[/]
          [#001006]▟█[/][#001006 on #4a0903]▀[/][#ff3100 on #940200]▀[/][#ff3100 on #001006]▀[/][#ff3100]█[/][#001006 on #ff3100]▀[/][#ff3100]█[/][#ff3100 on #802003]▀[/][#ff3100]████████[/][#ff3100 on #802003]▀[/][#808882 on #ffffff]▀[/][#ffffff]█████[/][#ffffff on #465456]▌[/][#5d0e03 on #ff3100]▌[/][#ff3100]██[/][#4a0903 on #808882]▀[/][#ffffff]████[/][#c6cbd3 on #ffffff]▀[/][#001006 on #ba0d00]▌[/][#ff3100]███[/][#001006 on #940200]▌[/][#940200]█[/][#b00a00]█[/][#ba0d00]█[/]
         [#001006]▐[/][#001006 on #4a0903]▀[/][#940200]█████[/][#802003 on #4a0903]▀[/][#ff3100]█[/][#ff3100 on #001006]▌[/][#ff3100]███████[/][#ff3100 on #802003]▀[/][#808882 on #ffffff]▀[/][#ffffff]█████[/][#ffffff on #c6cbd3]▀[/][#001006 on #ba0d00]▌[/][#ff3100]██[/][#ff3100 on #001006]▌[/][#c6cbd3 on #ffffff]▀[/][#ffffff]█████[/][#001006 on #ba0d00]▌[/][#ff3100]███[/][#001006 on #940200]▌[/][#940200]██[/][#ba0d00]█[/]
        [#805103]▄[/][#5d0e03 on #ff6200]▀[/][#ff6800 on #ff3100]▀[/][#ff3100]███[/][#940200 on #ff3100]▀[/][#940200]██[/][#940200 on #001006]▀[/][#001006 on #ff3100]▌[/][#ff3100]██████[/][#ff3100 on #802003]▀[/][#808882 on #ffffff]▀[/][#ffffff]█████[/][#ffffff on #c6cbd3]▀[/][#465456 on #5d0e03]▀[/][#dc1f00 on #ff3100]▀[/][#ff3100]██[/][#001006 on #c6cbd3]▌[/][#ffffff]█████[/][#ffffff on #8c97a7]▌[/][#001006 on #ba0d00]▌[/][#ff3100]██[/][#ff3100 on #802003]▀[/][#4a0903 on #940200]▀[/][#940200]██[/][#9e0500]█[/]
       [#553b04]▟[/][#dc5000 on #dc1f00]▀[/][#dc1f00 on #ff3100]▀[/][#ff3100]█████[/][#ff3100 on #802003]▀[/][#4a0903 on #ff3100]▀[/][#940200]█[/][#001006 on #ff3100]▌[/][#ff3100]█████[/][#ff3100 on #802003]▀[/][#808882 on #ffffff]▀[/][#ffffff]██████[/][#465456 on #5d0e03]▀[/][#dc1f00 on #ff3100]▀[/][#ff3100]██[/][#001006]█[/][#ffffff on #c6cbd3]▀[/][#ffffff]█████[/][#808882 on #5d0e03]▀[/][#dc1f00 on #ff3100]▀[/][#ff3100]██[/][#ff3100 on #001006]▌[/][#940200]██[/][#4a0903 on #940200]▀[/][#001006 on #940200]▀[/]
      [#553b04]▟[/][#ff9200 on #ba0d00]▌[/][#dc1f00 on #ff3100]▀[/][#ff3100]█████[/][#dc1f00 on #001006]▌[/][#ff3100]█[/][#ca1a00 on #4a0903]▀[/][#001006 on #ff3100]▀[/][#ff3100]█████[/][#ff3100 on #001006]▌[/][#001006 on #ffffff]▌[/][#ffffff]██████[/][#ffffff on #8c97a7]▌[/][#001006 on #ff3100]▌[/][#ff3100]████[/][#001006 on #ffffff]▌[/][#ffffff]████[/][#8c97a7 on #001006]▀[/][#5d0e03 on #ff3100]▌[/][#ff3100]██[/][#ff3100 on #ba0d00]▌[/][#ff3100]█[/][#001006 on #940200]▌[/][#940200]███[/]
    [#001006]▗[/][#553b04]▟[/][#ff9200 on #ff6200]▀[/][#ff3100]████[/][#ff3100 on #001006]▀[/][#ff3100 on #802003]▀[/][#5d0e03 on #ff3100]▀[/][#ff3100 on #802003]▀[/][#802003 on #ff3100]▀[/][#ff3100]█[/][#ff3100 on #ff9f00]▀[/][#ff3100]████[/][#ff3100 on #802003]▀[/][#808882 on #ffffff]▀[/][#ffffff]██████[/][#ffffff on #c6cbd3]▀[/][#c6cbd3 on #802003]▀[/][#802003 on #ff3100]▀[/][#ff3100]████[/][#dc1f00 on #001006]▌[/][#ffffff]███[/][#ffffff on #465456]▌[/][#001006 on #ff3100]▀[/][#ff3100]███[/][#ff3100 on #ba0d00]▌[/][#dc1f00]█[/][#001006 on #940200]▌[/][#940200]███[/]
   [#001006]▗[/][#805103 on #ff9200]▀[/][#ff9200 on #ff6200]▀[/][#ff3100]█[/][#ff3100 on #5d0e03]▀[/][#5d0e03 on #ff3100]▀[/][#802003 on #ff3100]▀[/][#ff3100]████[/][#dc1f00 on #001006]▌[/][#ff3100 on #dc1f00]▀[/][#ff6800]█[/][#ff3100]███[/][#ff3100 on #802003]▀[/][#802003 on #ffffff]▀[/][#ffffff]██████[/][#ffffff on #465456]▀[/][#465456 on #ff3100]▀[/][#802003 on #ff3100]▀[/][#ff3100]████[/][#ff3100 on #dc1f00]▀[/][#ba0d00 on #001006]▀[/][#808882 on #ffffff]▀[/][#ffffff]██[/][#ffffff on #808882]▀[/][#5d0e03 on #dc1f00]▀[/][#ff3100]████[/][#dc1f00 on #ff3100]▀[/][#dc1f00 on #001006]▌[/][#940200]████[/]
   [#553b04]▟[/][#ff9200 on #ff3100]▌[/][#802003 on #ff3100]▀▀[/][#ff3100]██[/][#ff3100 on #dc1f00]▀[/][#ff3100 on #5d0e03]▀[/][#ff3100 on #001006]▀[/][#ba0d00 on #940200]▀[/][#001006 on #940200]▀[/][#940200]█[/][#001006 on #ff3100]▌[/][#ff3100]█[/][#ff3100 on #001006]▀▀[/][#802003 on #001006]▀[/][#ffffff]██[/][#ffffff on #001006]▀[/][#ffffff on #ba0d00]▀[/][#ffffff on #dc1f00]▀[/][#ffffff on #ff3100]▀▀[/][#465456 on #ff3100]▀[/][#ff3100]███████[/][#5d0e03 on #808882]▀[/][#ffffff]██[/][#ffffff on #c6cbd3]▀[/][#c6cbd3 on #5d0e03]▀[/][#5d0e03 on #dc1f00]▀[/][#ff3100]█████[/][#ff3100 on #802003]▀[/][#4a0903 on #940200]▀[/][#940200]█[/][#940200 on #4a0903]▀[/][#940200 on #001006]▀▀[/]
  [#001006]▗[/][#805103 on #ff9200]▀[/][#ff6200 on #ff3100]▀[/][#ff3100]██[/][#ff3100 on #5d0e03]▀[/][#dc1f00 on #4a0903]▀[/][#a70800 on #4a0903]▌[/][#4a0903 on #940200]▀[/][#940200]████[/][#802003 on #001006]▀[/][#802003 on #ffffff]▀[/][#ffffff on #001006]▀[/][#808882 on #c6cbd3]▀[/][#c6cbd3 on #001006]▌[/][#ffffff on #802003]▀[/][#001006 on #ff3100]▀[/][#ba0d00 on #ff3100]▀[/][#ff3100]███[/][#ff3100 on #802003]▀[/][#ff3100 on #001006]▀[/][#ff3100 on #8c97a7]▀[/][#ff3100 on #ffffff]▀[/][#802003 on #ffffff]▀[/][#001006 on #ffffff]▀▀▀▀[/][#c6cbd3 on #ffffff]▀[/][#ffffff]█[/][#ffffff on #465456]▀[/][#465456 on #ba0d00]▀[/][#ba0d00 on #ff3100]▀[/][#ff3100]██[/][#ff3100 on #ff9f00]▀[/][#ff3100 on #ff6800]▀[/][#ff6800 on #ff3100]▀[/][#ff3100 on #dc1f00]▀[/][#5d0e03 on #001006]▀[/][#940200 on #001006]▀▀▀▀[/][#940200 on #ff9f00]▀[/]
  [#001006]▐[/][#ff9200 on #001006]▀[/][#dc1f00 on #940200]▀[/][#a70800 on #4a0903]▌[/][#410816 on #8b0113]▌[/][#940200 on #ba0d00]▀[/][#820026 on #9e0613]▀[/][#90020a]█[/][#940200]████[/][#4a0903 on #806603]▀[/][#5ea100]▜[/][#465456 on #0ea600]▀[/][#ffffff on #001006]▀[/][#c6cbd3 on #5d0e03]▀[/][#5d0e03 on #ff3100]▀[/][#ff3100 on #802003]▀▀▀[/][#ff3100 on #465456]▀[/][#802003 on #c6cbd3]▀[/][#465456 on #ffffff]▀[/][#ffffff]██[/][#ffffff on #c6cbd3]▀[/][#465456 on #805803]▀[/][#805803]█[/][#ff9f00 on #ff3100]▀▀▀▀[/][#465456 on #ba0d00]▀[/][#001006 on #ba0d00]▀[/][#ba0d00 on #001006]▀[/][#ff3100 on #001006]▀▀▀[/][#ff3100 on #5d0e03]▀[/][#ff3100 on #ba0d00]▀▀[/][#dc1f00 on #ba0d00]▀[/][#5d0e03 on #ba0d00]▀[/][#ba0d00]█[/][#ba0d00 on #dc1f00]▀[/][#dc1f00 on #ff3100]▀[/][#ff3100]██[/][#5d0e03 on #ff3100]▀[/]
   [#001006]▝[/][#4a0903]▀[/][#940200]▀[/][#940200 on #001006]▀[/][#940200]█[/][#9e0500]█[/][#820026 on #ba0d00]▀[/][#820026 on #a70800]▀[/][#940200]█[/][#940200 on #001006]▀[/][#4a0903 on #001006]▀[/][#5d0e03 on #dc6400]▌[/][#ffbc00 on #ba0d00]▀[/][#805403 on #dc1f00]▀[/][#ba0d00 on #ff3100]▀[/][#ff3100 on #075b03]▀[/][#802003 on #075b03]▀[/][#802003 on #dc1f00]▀[/][#ff3100 on #ba0d00]▀[/][#5d0e03 on #465456]▀[/][#001006 on #ffffff]▀▀▀▀[/][#ffffff on #c6cbd3]▀[/][#465456 on #805803]▀[/][#805803 on #802003]▀[/][#802003 on #ff3100]▀[/][#ff3100]██[/][#ff3100 on #dc1f00]▀[/][#ba0d00 on #5d0e03]▀[/][#5d0e03 on #001006]▀[/][#001006]█████[/][#ba0d00]██[/][#ba0d00 on #dc1f00]▀[/][#ba0d00 on #ff3100]▀▀[/][#dc1f00 on #ff3100]▀[/][#ff3100]█████[/]
        [#001006]▀[/][#940200 on #001006]▀[/][#001006]█[/][#001006 on #ba0d00]▀[/][#ba0d00 on #dc1f00]▀[/][#dc1f00 on #ff3100]▀[/][#ff3100]██[/][#ff3100 on #dc1f00]▀[/][#001006]█[/][#ffbc00]▌[/][#af9c00]▜[/][#0ea600 on #001006]▌[/][#465456 on #c6cbd3]▀[/][#ffffff]████[/][#c6cbd3 on #465456]▀[/][#805803 on #ff6800]▀[/][#802003 on #ff3100]▀[/][#ff3100]███[/][#ff3100 on #dc1f00]▀[/][#ba0d00 on #5d0e03]▀[/][#001006]███████[/][#5d0e03 on #001006]▀[/][#ff3100]██[/][#ff9f00 on #ff3100]▀[/][#ff9f00]█[/][#ff3100 on #ff6800]▀[/][#ff3100]█████[/]
         [#001006]▝[/][#5d0e03 on #ff3100]▌[/][#ff3100]███[/][#ff3100 on #5d0e03]▀[/][#dc1f00 on #001006]▀[/][#001006 on #8c97a7]▀▀[/][#001006 on #ffffff]▀▀[/][#c6cbd3 on #ffffff]▀[/][#ffffff]█████[/][#001006 on #ff3100]▌[/][#ff3100]███[/][#ff3100 on #dc1f00]▀[/][#dc1f00 on #ba0d00]▀[/][#ba0d00 on #5d0e03]▀[/][#5d0e03 on #001006]▀[/][#001006]█████████[/][#802003 on #001006]▀[/][#ff3100 on #001006]▀[/][#ff3100 on #802003]▀[/][#ff6800 on #ff3100]▀[/][#ff3100]█████[/]
          [#802003]▀[/][#ff3100]▀[/][#5d0e03 on #001006]▀[/][#001006]███[/][#001006 on #465456]▀[/][#001006]█[/][#c6cbd3 on #ffffff]▀[/][#ffffff]█████[/][#ffffff on #c6cbd3]▀[/][#c6cbd3 on #5d0e03]▀[/][#001006 on #ff3100]▌[/][#ff3100]█[/][#ff3100 on #5d0e03]▀[/][#5d0e03 on #dc5600]▌[/][#5d0e03 on #ff9f00]▀[/][#001006]████████████████[/][#ff3100]█[/][#ff3100 on #ba0d00]▀[/][#ff3100 on #dc1f00]▀[/][#ff3100]██[/]
            [#001006 on #c6cbd3]▌[/][#8c97a7 on #ffffff]▀[/][#c6cbd3 on #465456]▌[/][#465456 on #ffffff]▀[/][#808882 on #ffffff]▀[/][#ffffff]██[/][#ffffff on #c6cbd3]▀[/][#c6cbd3 on #802003]▀[/][#802003 on #ff3100]▀[/][#ff3100]██[/][#ff3100 on #802003]▀[/][#802003 on #5d0e03]▀[/][#5d0e03 on #ff9f00]▀[/][#805803 on #ff9f00]▀[/][#ff9f00 on #ffffff]▀[/][#ffcf80 on #ff9f00]▀[/][#ff9f00 on #dc5600]▀[/][#001006]████████████████[/][#ff3100 on #ba0d00]▌[/][#ba0d00 on #dc1f00]▀[/][#ba0d00 on #ff3100]▀[/][#ff3100 on #dc1f00]▀[/][#dc1f00 on #ba0d00]▀[/]
            [#556059]▜[/][#ffffff on #c6cbd3]▀[/][#ffffff on #465456]▌[/][#ffffff on #808882]▀[/][#ffffff]███[/][#ffffff on #001006]▌[/][#ff3100]████[/][#ff3100 on #001006]▌[/][#805803 on #ff9f00]▀[/][#ff9f00]█[/][#ffcf80 on #ff9f00]▀[/][#ff9f00 on #5d0e03]▀[/][#5d0e03 on #001006]▀[/][#001006]████████████████[/][#001006 on #802003]▀[/][#dc1f00 on #ff3100]▀[/][#ff3100 on #dc1f00]▀[/][#ff3100 on #ba0d00]▀[/][#ba0d00 on #5d0e03]▀[/][#ba0d00 on #001006]▀[/]
             [#001006]▝[/][#c6cbd3 on #001006]▀[/][#c6cbd3]█[/][#808882 on #465456]▀[/][#ffffff]██[/][#ffffff on #001006]▌[/][#ff3100]██[/][#ff3100 on #5d0e03]▀[/][#5d0e03 on #ff9f00]▀[/][#805803 on #ff9f00]▀[/][#ff9f00]█[/][#ff9f00 on #5d0e03]▀[/][#5d0e03 on #001006]▀[/][#001006]█████████████████[/][#001006 on #5d0e03]▀[/][#ff3100 on #dc1f00]▀[/][#dc1f00 on #ba0d00]▀[/][#ba0d00 on #5d0e03]▀[/][#5d0e03 on #001006]▀[/][#001006]██[/]
              [#001006 on #ff9200]▌[/][#802003 on #ff3100]▀[/][#c66454 on #001006]▌[/][#ffffff]██[/][#ffffff on #001006]▌[/][#ff3100]█[/][#802003 on #805803]▀[/][#ff9f00]██[/][#ff9f00 on #dc5600]▀[/][#3e0f04]▛[/][#001006]▀▘[/] [#001006]▝▀▀▀███████████[/][#001006 on #5d0e03]▀[/][#dc1f00 on #ba0d00]▀[/][#ba0d00]█[/][#5d0e03 on #001006]▀[/][#001006]██[/][#802003 on #ff3100]▀[/][#ff3100]█[/]
              [#001006 on #ff9200]▌[/][#ff3100]█[/][#ff3100 on #001006]▌[/][#ffffff on #8c97a7]▀[/][#465456 on #5d0e03]▀[/][#ff3100]█[/][#001006 on #ff9f00]▌[/][#ff9f00]██[/][#ff9f00 on #5d0e03]▌[/][#3e0f04]▛[/]           [#001006]▀▜██████[/][#ba0d00]██[/][#5d0e03 on #001006]▀[/][#001006]█[/][#001006 on #802003]▀[/][#802003 on #ff3100]▀[/][#ff3100]██[/]
              [#001006 on #ff9200]▌[/][#ff3100]█[/][#ff3100 on #001006]▌[/][#ba0d00]█[/][#ff3100]█[/][#ff3100 on #001006]▌[/][#ff9f00]██[/][#ff9f00 on #dc5600]▀[/][#001006]▌[/]             [#001006]▐██████[/][#ba0d00]█[/][#5d0e03 on #001006]▀[/][#001006]█[/][#001006 on #802003]▀[/][#ff3100]████[/]
             [#001006]▗[/][#805103 on #ff6200]▀[/][#ff3100]█[/][#802003 on #5d0e03]▀[/][#ba0d00]█[/][#ff3100]█[/][#802003 on #805803]▀[/][#ff9f00 on #ffcf80]▀[/][#ffcf80 on #ff9f00]▀[/][#dc5600 on #001006]▌[/]               [#001006]▝▀▜███[/][#5d0e03 on #001006]▀[/][#001006]█[/][#001006 on #802003]▀[/][#ff3100]█████[/]
             [#001006 on #ff6200]▌[/][#ff3100]██[/][#001006 on #ba0d00]▌[/][#ff3100]██[/][#001006 on #ff9f00]▌[/][#ffcf80 on #ff9f00]▀[/][#ff9f00]█[/][#001006]▌[/]                 [#001006]▐█████[/][#001006 on #ff3100]▌[/][#ff3100]█████[/]
           [#001006]▄[/][#3e0f04]▟[/][#ff3100 on #ba0d00]▀[/][#802003 on #ff6200]▌▌[/][#dc1f00 on #001006]▌[/][#ff3100 on #001006]▀[/][#dc1f00 on #805103]▌[/][#dc5000 on #ff9f00]▌[/][#ff9f00]██[/][#001006]▌[/]                 [#001006]▐[/][#ff9f00 on #001006]▌[/][#001006 on #ba0d00]▀[/][#001006 on #5d0e03]▀[/][#001006]█[/][#001006 on #802003]▀[/][#ff3100]██████[/]
          [#001006]▝[/][#ba0d00]▀[/][#5d0e03]▀[/][#ff9200 on #805103]▀[/][#5d0e03 on #ff9200]▀▀▀[/][#ff9200]██[/][#ff9c00]█[/][#ff9f00 on #5d0e03]▀[/][#5d0e03]▀[/]                   [#001006 on #ff9f00]▌[/][#001006]█[/][#ba0d00]█[/][#ba0d00 on #5d0e03]▀[/][#802003 on #ff3100]▀[/][#ff3100]██████[/]
              [#001006]▀[/][#805103]▀[/][#ff9200]▀[/][#ba0d00]▀[/][#001006]▀▘[/]                     [#554004]▜[/][#ff9f00]█[/][#5d0e03 on #001006]▀[/][#001006 on #ff3100]▌[/][#ff3100]█[/][#ff3100 on #ff6800]▀[/][#ff3100]█████[/]
