banner_hero: |2-
                       [#001006]▗[/][#004246]▄[/][#00d744]▄[/][#001006 on #00ffac]▀[/][#001006 on #00b99a]▀[/][#00ffac]▄[/][#00b99a]▄[/][#001006]▄▄[/]
                    [#001006]▗[/][#00a252]▟[/][#007425 on #00ffac]▀[/][#00eb78 on #001006]▀[/][#00ffac on #001006]▀[/][#00b99a on #003a7c]▀[/][#007387 on #ffffff]▀[/][#80b9c3 on #005484]▌[/][#005484 on #001006]▌[/][#001006 on #004cba]▀[/][#001006 on #0063f2]▀▀[/][#ffffff on #0063f2]▀▀[/][#80b1f8 on #001006]▌[/][#001006]█[/][#556059]▙[/][#ffffff]▄[/][#001006]▄▖[/]
               [#001006]▗▄[/][#003a7c]▄[/][#0063f2]▄[/][#001006 on #ffffff]▀[/][#001006 on #0063f2]▀[/][#0063f2]█[/][#ffffff on #001006]▀[/][#80b1f8 on #001006]▀[/][#0063f2 on #001006]▀[/][#0063f2 on #003a7c]▀[/][#0063f2]█[/][#003a7c on #0063f2]▀[/][#001006 on #0063f2]▀[/][#001006 on #809ac0]▀[/][#002244 on #80b1f8]▌[/][#80b1f8 on #001006]▌[/][#001006 on #ffffff]▀[/][#ffffff]██[/][#ffffff on #001006]▀▀▀[/][#ffffff]██[/][#808882 on #ffffff]▀[/][#aaafac]▙[/][#808882]▄[/]
          [#001006]▗[/][#808882]▄[/][#aaafac]▟[/][#808882 on #ffffff]▀[/][#ffffff on #004bd8]▀[/][#004bd8 on #80b1f8]▀[/][#0063f2]█[/][#ffffff on #001006]▀[/][#0063f2 on #003a7c]▀[/][#001006 on #0063f2]▀▀[/][#0063f2 on #004bd8]▀[/][#0063f2 on #002262]▀[/][#0063f2 on #001006]▀[/][#0063f2 on #002244]▀[/][#004bd8 on #003582]▀[/][#0033bd on #003582]▀▀[/][#0033bd on #002244]▀[/][#001006 on #ffffff]▀▀[/][#001006 on #808882]▀[/][#001006 on #ffffff]▀[/][#ffffff]██[/][#ffffff on #808882]▀[/][#808882 on #ffffff]▀[/][#ffffff]██████[/][#808882 on #ffffff]▀[/][#808882]▄[/]
        [#808882]▄[/][#808882 on #ffffff]▀[/][#ffffff]█[/][#ffffff on #0063f2]▀[/][#ffffff on #001006]▀[/][#003a7c on #8099de]▌[/][#003a7c on #ffffff]▀[/][#001006 on #0063f2]▀[/][#003a7c on #0063f2]▀[/][#0063f2 on #004bd8]▀[/][#0063f2 on #001006]▀[/][#004bd8 on #003582]▀[/][#001006 on #002244]▀[/][#003582]████████[/][#002244 on #809ac0]▌[/][#ffffff on #808882]▀[/][#ffffff]█[/][#808882 on #ffffff]▀[/][#ffffff on #001006]▀[/][#808882 on #ffffff]▀[/][#ffffff]██████████[/][#808882 on #ffffff]▀[/][#001006]▖[/]
      [#808882]▄[/][#003a7c on #80b1f8]▌[/][#ffffff on #001006]▀[/][#003a7c on #80b1f8]▌[/][#001006 on #80b1f8]▀[/][#003a7c on #80b1f8]▌[/][#80b1f8 on #0063f2]▀[/][#0063f2]███[/][#003a7c on #0063f2]▀[/][#003582 on #002244]▀[/][#003582]██[/][#003582 on #004cba]▀[/][#004bd8 on #0063f2]▀[/][#0063f2 on #004bd8]▀[/][#0063f2]█[/][#003582 on #0063f2]▀▀[/][#003582]█████[/][#001006 on #ffffff]▌[/][#808882 on #ffffff]▀[/][#ffffff]█████████████[/][#ffffff on #001006]▌[/]
    [#002244]▄[/][#002244 on #003582]▀▀[/][#002244 on #80b1f8]▌[/][#80b1f8 on #004cba]▌[/][#0034a0 on #0063f2]▀[/][#004bd8]█[/][#0063f2 on #004bd8]▀[/][#0063f2]██████[/][#001006 on #0063f2]▀▀▀▀▀▀▀▀▀▀▀▀[/][#003a7c on #ffffff]▌[/][#001006 on #ffffff]▌[/][#ffffff]███████████████[/][#001006]▌[/]
   [#001006]▝[/][#556059]▜[/][#ffffff on #808882]▀[/][#003582 on #ffffff]▀[/][#004cba on #003582]▀[/][#0063f2 on #003582]▀▀▀[/][#004bd8 on #003582]▀▀[/][#0063f2 on #003582]▀[/][#0063f2 on #004cba]▀[/][#0063f2]███[/][#0063f2 on #003582]▀▀▀[/][#0063f2 on #002244]▀[/][#0063f2 on #004bd8]▀[/][#0063f2]████████[/][#ffffff on #001006]▌[/][#ffffff]███████████████[/][#001006]▌[/]
     [#001006]▝▀██[/][#800a03 on #001006]▀[/][#fb0a00]█[/][#fb0a00 on #410806]▌[/][#002244 on #410806]▀[/][#003582 on #001006]▀▀[/][#003582]██████[/][#809ac0 on #003582]▀[/][#002262 on #808882]▀[/][#0063f2 on #004bd8]▀[/][#0063f2]███████[/][#ffffff on #001006]▌[/][#ffffff]██████████████[/][#ffffff on #808882]▀[/][#273533]▙[/]
          [#550c04]▜[/][#f90e00]█[/][#410806 on #3b484a]▀[/][#001006 on #767f8d]▀[/][#001006]███[/][#001006 on #767f8d]▀▀[/][#001006 on #3b484a]▀[/][#002244 on #001006]▀[/][#003582 on #002244]▀[/][#004cba on #80b1f8]▌[/][#002262 on #808882]▀[/][#0063f2 on #004bd8]▀[/][#0063f2]████[/][#0063f2 on #003a7c]▀[/][#004cba on #002244]▌[/][#003582]█[/][#002244 on #809ac0]▌[/][#ffffff on #808882]▀[/][#ffffff]████████████[/][#808882 on #3b484a]▀[/][#475458 on #002262]▀[/][#0033bd]▄[/][#001006 on #8099de]▀[/][#001006 on #ffffff]▀[/][#002262 on #80b1f8]▀[/]
           [#001006 on #475458]▀[/][#767f8d]██████[/][#001006 on #767f8d]▀[/][#001006]██[/][#001006 on #003a7c]▀[/][#003a7c on #80b1f8]▀[/][#80b1f8 on #0063f2]▀[/][#003a7c on #0063f2]▀[/][#0063f2]██[/][#0063f2 on #003a7c]▀[/][#004cba on #002244]▌[/][#003582]██[/][#003582 on #004cba]▀[/][#004cba on #0063f2]▀[/][#0063f2]█[/][#003a7c on #80b1f8]▌[/][#ffffff on #808882]▀[/][#ffffff]█████████[/][#808882 on #3b484a]▀[/][#828c9b on #475458]▀[/][#002262 on #8099de]▀[/][#8099de on #0033bd]▀[/][#0033bd on #001006]▀[/][#002262 on #004bd8]▌[/][#0063f2]█[/]
            [#475458]▀[/][#3b484a on #828c9b]▌[/][#767f8d]███[/][#767f8d on #3b484a]▀[/][#001006]█[/][#001006 on #808882]▀[/][#001006 on #80b1f8]▌[/][#80b1f8 on #0063f2]▀[/][#0063f2]███[/][#0063f2 on #003a7c]▀[/][#004cba on #002244]▌[/][#003582]▙[/] [#0044a7]▟[/][#004cba on #0063f2]▀[/][#0063f2]███[/][#0063f2 on #ffffff]▀[/][#ffffff on #0033bd]▌[/][#808882 on #002262]▀[/][#ffffff on #001006]▀▀▀▀▀▀[/][#ffffff on #3b484a]▀[/][#3b484a on #767f8d]▀[/][#7c8694]█[/][#475458 on #001006]▀[/][#001006]███[/][#003a7c on #0063f2]▀[/][#80b1f8 on #ffffff]▀[/]
              [#001006]█[/][#767f8d on #001006]▀[/][#767f8d]█[/][#001006]█[/][#001006 on #8099de]▌[/][#001006 on #002262]▀[/][#0063f2]████[/][#0063f2 on #001006]▌[/][#003582]▙[/] [#003582]▟[/][#004cba on #ffffff]▀[/][#80b1f8 on #004bd8]▌[/][#0063f2 on #002262]▀[/][#ffffff on #001006]▀[/][#8099de on #003582]▀[/][#0033bd on #003582]▀[/][#001006 on #002244]▀[/][#0034a0 on #002244]▌[/][#002244 on #001006]▀[/][#001006]██[/][#767f8d on #001006]▀▀[/][#767f8d]███[/][#828c9b on #3b484a]▌[/][#475458 on #001006]▀[/][#001006]███[/][#003a7c on #0063f2]▀[/][#80b1f8 on #ffffff]▀[/][#80b1f8 on #0063f2]▀[/]
             [#2f3e3c]▟[/][#828c9b on #001006]▌[/][#001006]███[/][#0063f2]█[/][#0033bd]█[/][#001006 on #004bd8]▌[/][#0063f2]███[/][#0063f2 on #003a7c]▀[/][#004cba on #002244]▌[/][#001006 on #003582]▀▀[/][#002244 on #003582]▀[/][#003582]███[/][#003582 on #002244]▀[/][#002244 on #003582]▀[/][#003582]█[/][#003582 on #001006]▀[/][#001006]████████████[/][#003a7c on #80b1f8]▀[/][#ffffff on #80b1f8]▀[/][#0063f2]██[/]
           [#001006]▗[/][#576369]▟[/][#828c9b on #3b484a]▀[/][#001006]████[/][#002262 on #001006]▀[/][#0063f2 on #001006]▀[/][#002262 on #001006]▀[/][#003582 on #001006]▀▀▀[/][#002244 on #001006]▀[/][#001006]███████[/][#003582 on #001006]▀▀[/][#001006]████████████[/][#001006 on #002262]▀[/][#003a7c on #80b1f8]▀[/][#ffffff on #80b1f8]▀[/][#0063f2]███[/]
         [#001006]▄[/][#576369]▟[/][#7c8694]█[/][#767f8d on #001006]▀[/][#001006]████[/][#001006 on #002262]▀[/][#001006 on #004bd8]▀[/][#001006 on #002262]▀[/][#001006]████████████████████████[/][#001006 on #002262]▀[/][#002262 on #0063f2]▀[/][#80b1f8 on #ffffff]▀[/][#80b1f8 on #0063f2]▀[/][#0063f2]████[/]
        [#001006]▝[/][#3b484a on #001006]▀[/][#767f8d on #001006]▀[/][#001006]███▀▀[/][#002262]▀[/][#0033bd on #002262]▀[/][#004bd8 on #002262]▀[/][#002262 on #004bd8]▀[/][#002262 on #0063f2]▀[/][#004bd8 on #0063f2]▀[/][#0063f2]█[/][#0063f2 on #0033bd]▀▀▀[/][#002262 on #0033bd]▀[/][#001006 on #002262]▀[/][#001006]████[/][#001006 on #410806]▀[/][#001006]█████████[/][#001006 on #002262]▀[/][#001006 on #0033bd]▌[/][#0063f2 on #ffffff]▀[/][#ffffff on #003a7c]▀[/][#0063f2]██████[/]
         [#001006]▝▀[/]     [#002262]▄[/][#002262 on #ffffff]▀[/][#ffffff on #80b1f8]▀[/][#80b1f8 on #0063f2]▀[/][#0063f2 on #004bd8]▀[/][#0033bd]███████[/][#001006 on #410805]▀▀▀[/][#410805 on #820004]▀[/][#8b0007]█[/][#410806 on #820005]▀[/][#001006]████[/][#001006 on #0033bd]▀[/][#001006 on #0063f2]▀[/][#001006 on #ffffff]▀[/][#004bd8 on #ffffff]▀[/][#80b1f8 on #0063f2]▀[/][#ffffff on #001006]▀[/][#001006 on #002262]▀[/][#001006]█[/][#003a7c on #001006]▀[/][#0063f2 on #003a7c]▀[/][#0063f2]████[/]
              [#002262]▄[/][#002262 on #ffffff]▀[/][#ffffff on #80b1f8]▀[/][#80b1f8 on #0063f2]▀[/][#0063f2]█[/][#0063f2 on #004bd8]▀[/][#0033bd]████[/][#0033bd on #002262]▀[/][#0033bd on #ffffff]▀▀▀▀[/][#410805 on #ffffff]▀[/][#820004 on #410805]▀[/][#820005 on #001006]▀[/][#820005 on #004bd8]▀[/][#001006 on #0063f2]▀[/][#0033bd on #80b1f8]▀[/][#004bd8 on #ffffff]▀[/][#0063f2]█[/][#ffffff on #0063f2]▀▀[/][#0063f2 on #003a7c]▀[/][#0063f2 on #002262]▀[/][#004bd8 on #002262]▌[/][#002262 on #0033bd]▀[/][#0033bd]█[/][#001006 on #0033bd]▌[/][#001006 on #002262]▀[/][#001006]██[/][#003a7c on #001006]▀[/][#0063f2]█[/][#0063f2 on #004bd8]▀[/][#0063f2]█[/]
            [#002262]▄[/][#002262 on #ffffff]▀[/][#ffffff on #80b1f8]▀[/][#80b1f8 on #0063f2]▀[/][#0063f2]██[/][#0063f2 on #004bd8]▀[/][#0033bd]███[/][#0033bd on #002262]▀[/][#002262 on #ffffff]▀[/][#ffffff on #80b1f8]▀[/][#ffffff on #0063f2]▀▀[/][#ffffff on #001006]▀[/][#ffffff on #004bd8]▀[/][#001006 on #80b1f8]▀[/][#004bd8 on #ffffff]▀[/][#80b1f8 on #0063f2]▀[/][#ffffff on #0063f2]▀[/][#80b1f8 on #0063f2]▀[/][#0063f2]█[/][#0063f2 on #003a7c]▀[/][#0063f2 on #002262]▀[/][#004bd8 on #002262]▌[/][#002262 on #0033bd]▀[/][#0033bd]█████[/][#0033bd on #001006]▌▌[/][#001006]███[/][#003a7c on #001006]▀[/][#004bd8 on #0063f2]▀[/][#004bd8 on #0033bd]▀[/]
         [#001006]▗[/][#808882]▄[/][#001006 on #8099de]▌[/][#ffffff on #80b1f8]▀[/][#80b1f8 on #0063f2]▀[/][#0063f2]███[/][#0063f2 on #004bd8]▀[/][#0033bd]██[/][#0033bd on #002262]▀[/][#002262 on #ffffff]▀[/][#ffffff on #0063f2]▀[/][#0063f2 on #003a7c]▀[/][#0063f2 on #004bd8]▀[/][#001006 on #80b1f8]▀[/][#004bd8 on #ffffff]▀[/][#80b1f8 on #ffffff]▀[/][#ffffff on #0063f2]▀[/][#0063f2]████[/][#003a7c on #002262]▀[/][#002262 on #0033bd]▀[/][#0033bd]██████████[/][#001006 on #0033bd]▌[/][#001006]████[/][#003a7c on #001006]▀[/][#004bd8 on #0063f2]▀[/]
  [#001006]▗▄[/][#ffffff]▄▄[/][#001006 on #80b1f8]▀[/][#001006 on #0063f2]▀[/][#ffffff on #0063f2]▀▀[/][#0063f2]█[/][#003a7c on #0063f2]▀[/][#004bd8 on #002262]▀[/][#0063f2]███[/][#0063f2 on #004bd8]▀[/][#0033bd]███[/][#001006 on #80b1f8]▌[/][#0063f2]██[/][#0063f2 on #001006]▌[/][#0033bd on #0063f2]▌[/][#ffffff]███[/][#0063f2]█████[/][#0063f2 on #001006]▌[/][#0033bd]█████████[/][#0033bd on #0063f2]▀▀[/][#002262 on #0063f2]▀[/][#002262 on #808882]▀[/][#001006 on #002262]▀[/][#001006]███[/][#001006 on #0063f2]▌[/]
  [#ffffff on #0063f2]▀[/][#0063f2]█████████[/][#0063f2 on #001006]▌[/][#0063f2 on #004bd8]▀▀[/][#004bd8 on #0033bd]▀[/][#0033bd on #002262]▀[/][#002262 on #ffffff]▀▀[/][#0033bd on #002262]▀[/][#002262 on #0033bd]▀[/][#0063f2 on #002262]▀[/][#003a7c on #ffffff]▀[/][#ffffff on #001006]▌[/][#0033bd on #0063f2]▌[/][#ffffff]███[/][#0063f2]██████[/][#002262 on #0063f2]▀[/][#0033bd]█[/][#0033bd on #002262]▀[/][#0033bd on #001006]▀[/][#004bd8 on #ffffff]▀[/][#0063f2 on #80b1f8]▀[/][#0063f2]███████[/][#003a7c on #80b1f8]▌[/][#002262 on #808882]▀[/][#001006 on #ffffff]▀[/][#003a7c on #ffffff]▀[/][#0063f2 on #001006]▀[/]
